<?xml version="1.0" encoding="utf-8"?>
<Project ToolsVersion="4.0" xmlns="http://schemas.microsoft.com/developer/msbuild/2003">
  <ItemGroup>
    <Filter Include="Файлы ресурсов">
      <UniqueIdentifier>{67DA6AB6-F800-4c08-8B7A-83BB121AAD01}</UniqueIdentifier>
      <Extensions>rc;ico;cur;bmp;dlg;rc2;rct;bin;rgs;gif;jpg;jpeg;jpe;resx;tiff;tif;png;wav;mfcribbon-ms</Extensions>
    </Filter>
    <Filter Include="graphics_lib">
      <UniqueIdentifier>{36469153-0153-4570-8840-f5e519647787}</UniqueIdentifier>
    </Filter>
    <Filter Include="shape_drawing_lib">
      <UniqueIdentifier>{5a0f71db-5b54-4ed3-89a9-00878fdd9116}</UniqueIdentifier>
    </Filter>
    <Filter Include="graphics_lib_pro">
      <UniqueIdentifier>{972c04d1-1577-4aea-8071-a0b7a0a98f47}</UniqueIdentifier>
    </Filter>
    <Filter Include="modern_graphics_lib">
      <UniqueIdentifier>{e730da2d-73d4-45e8-b64a-9a721e984b39}</UniqueIdentifier>
    </Filter>
    <Filter Include="modern_graphics_lib_pro">
      <UniqueIdentifier>{e136b2bd-0a46-4226-acbd-07af8865e00b}</UniqueIdentifier>
    </Filter>
    <Filter Include="main">
      <UniqueIdentifier>{345964a7-50c4-4507-a4f5-ed9b0d3ee9c1}</UniqueIdentifier>
    </Filter>
    <Filter Include="CanvasAdapter">
      <UniqueIdentifier>{93995380-89BD-4b04-88EB-625FBE52EBFB}</UniqueIdentifier>
      <Extensions>h;hh;hpp;hxx;hm;inl;inc;xsd</Extensions>
    </Filter>
    <Filter Include="CanvasClassAdapter">
      <UniqueIdentifier>{4FC737F1-C7A5-4376-A066-2A32D752A2FF}</UniqueIdentifier>
      <Extensions>cpp;c;cc;cxx;def;odl;idl;hpj;bat;asm;asmx</Extensions>
    </Filter>
  </ItemGroup>
  <ItemGroup>
    <Text Include="ReadMe.txt" />
  </ItemGroup>
  <ItemGroup>
    <ClInclude Include="graphics_lib\Canvas.h">
      <Filter>graphics_lib</Filter>
    </ClInclude>
    <ClInclude Include="graphics_lib\ICanvas.h">
      <Filter>graphics_lib</Filter>
    </ClInclude>
    <ClInclude Include="shape_drawing_lib\CanvasPainter.h">
      <Filter>shape_drawing_lib</Filter>
    </ClInclude>
    <ClInclude Include="shape_drawing_lib\ICanvasDrawable.h">
      <Filter>shape_drawing_lib</Filter>
    </ClInclude>
    <ClInclude Include="shape_drawing_lib\Point.h">
      <Filter>shape_drawing_lib</Filter>
    </ClInclude>
    <ClInclude Include="shape_drawing_lib\Rectangle.h">
      <Filter>shape_drawing_lib</Filter>
    </ClInclude>
    <ClInclude Include="shape_drawing_lib\Triangle.h">
      <Filter>shape_drawing_lib</Filter>
    </ClInclude>
    <ClInclude Include="modern_graphics_lib_pro\RGBAColor.h">
      <Filter>modern_graphics_lib_pro</Filter>
    </ClInclude>
    <ClInclude Include="graphics_lib_pro\CanvasPro.h">
      <Filter>graphics_lib_pro</Filter>
    </ClInclude>
    <ClInclude Include="graphics_lib_pro\ICanvasPro.h">
      <Filter>graphics_lib_pro</Filter>
    </ClInclude>
    <ClInclude Include="modern_graphics_lib\ModernGraphicsRenderer.h">
      <Filter>modern_graphics_lib</Filter>
    </ClInclude>
    <ClInclude Include="modern_graphics_lib_pro\ModernGraphicsRendererPro.h">
      <Filter>modern_graphics_lib_pro</Filter>
    </ClInclude>
    <ClInclude Include="CanvasAdapter.h">
      <Filter>CanvasAdapter</Filter>
    </ClInclude>
    <ClInclude Include="Application.h">
      <Filter>main</Filter>
    </ClInclude>
    <ClInclude Include="stdafx.h">
      <Filter>main</Filter>
    </ClInclude>
    <ClInclude Include="targetver.h">
      <Filter>main</Filter>
    </ClInclude>
    <ClInclude Include="CanvasClassAdapter.h">
      <Filter>CanvasClassAdapter</Filter>
    </ClInclude>
  </ItemGroup>
  <ItemGroup>
    <ClCompile Include="graphics_lib\Canvas.cpp">
      <Filter>graphics_lib</Filter>
    </ClCompile>
    <ClCompile Include="shape_drawing_lib\CanvasPainter.cpp">
      <Filter>shape_drawing_lib</Filter>
    </ClCompile>
    <ClCompile Include="shape_drawing_lib\Rectangle.cpp">
      <Filter>shape_drawing_lib</Filter>
    </ClCompile>
    <ClCompile Include="shape_drawing_lib\Triangle.cpp">
      <Filter>shape_drawing_lib</Filter>
    </ClCompile>
    <ClCompile Include="graphics_lib_pro\CanvasPro.cpp">
      <Filter>graphics_lib_pro</Filter>
    </ClCompile>
    <ClCompile Include="modern_graphics_lib\ModernGraphicsRenderer.cpp">
      <Filter>modern_graphics_lib</Filter>
    </ClCompile>
    <ClCompile Include="modern_graphics_lib_pro\ModernGraphicsRendererPro.cpp">
      <Filter>modern_graphics_lib_pro</Filter>
    </ClCompile>
    <ClCompile Include="Adapter.cpp">
      <Filter>main</Filter>
    </ClCompile>
    <ClCompile Include="stdafx.cpp">
      <Filter>main</Filter>
    </ClCompile>
    <ClCompile Include="CanvasAdapter.cpp">
      <Filter>CanvasAdapter</Filter>
    </ClCompile>
    <ClCompile Include="CanvasClassAdapter.cpp">
      <Filter>CanvasClassAdapter</Filter>
    </ClCompile>
    <ClCompile Include="Application.cpp">
      <Filter>main</Filter>
    </ClCompile>
  </ItemGroup>
</Project>